
Microsoft Visual Studio Solution File, Format Version 12.00
# Visual Studio Version 16
VisualStudioVersion = 16.0.31112.23
MinimumVisualStudioVersion = 10.0.40219.1
Project("{FAE04EC0-301F-11D3-BF4B-00C04F79EFBC}") = "IpDnsExample", "IpDnsExample\IpDnsExample.csproj", "{2735191C-3179-4CD4-98BB-3CE0ACF65AB7}"
EndProject
Global
	GlobalSection(SolutionConfigurationPlatforms) = preSolution
		Debug|Any CPU = Debug|Any CPU
		Release|Any CPU = Release|Any CPU
	EndGlobalSection
	GlobalSection(ProjectConfigurationPlatforms) = postSolution
		{5F53F1C0-C60E-4571-A86A-9AC006801BBC}.Debug|Any CPU.ActiveCfg = Debug|Any CPU
		{5F53F1C0-C60E-4571-A86A-9AC006801BBC}.Debug|Any CPU.Build.0 = Debug|Any CPU
		{5F53F1C0-C60E-4571-A86A-9AC006801BBC}.Release|Any CPU.ActiveCfg = Release|Any CPU
		{5F53F1C0-C60E-4571-A86A-9AC006801BBC}.Release|Any CPU.Build.0 = Release|Any CPU
		{2735191C-3179-4CD4-98BB-3CE0ACF65AB7}.Debug|Any CPU.ActiveCfg = Debug|Any CPU
		{2735191C-3179-4CD4-98BB-3CE0ACF65AB7}.Debug|Any CPU.Build.0 = Debug|Any CPU
		{2735191C-3179-4CD4-98BB-3CE0ACF65AB7}.Release|Any CPU.ActiveCfg = Release|Any CPU
		{2735191C-3179-4CD4-98BB-3CE0ACF65AB7}.Release|Any CPU.Build.0 = Release|Any CPU
	EndGlobalSection
	GlobalSection(SolutionProperties) = preSolution
		HideSolutionNode = FALSE
	EndGlobalSection
	GlobalSection(ExtensibilityGlobals) = postSolution
		SolutionGuid = {28F9452D-EF0E-4B26-8035-A2B812208666}
	EndGlobalSection
EndGlobal
